
Microsoft Visual Studio Solution File, Format Version 12.00
# Visual Studio Version 17
VisualStudioVersion = 17.10.35027.167
MinimumVisualStudioVersion = 10.0.40219.1
Project("{FAE04EC0-301F-11D3-BF4B-00C04F79EFBC}") = "GestionSubastas", "GestionSubastas\GestionSubastas.csproj", "{2BED4CF8-CD21-4B92-BBF3-647D0804C4A1}"
EndProject
Global
	GlobalSection(SolutionConfigurationPlatforms) = preSolution
		Debug|Any CPU = Debug|Any CPU
		Release|Any CPU = Release|Any CPU
	EndGlobalSection
	GlobalSection(ProjectConfigurationPlatforms) = postSolution
		{2BED4CF8-CD21-4B92-BBF3-647D0804C4A1}.Debug|Any CPU.ActiveCfg = Debug|Any CPU
		{2BED4CF8-CD21-4B92-BBF3-647D0804C4A1}.Debug|Any CPU.Build.0 = Debug|Any CPU
		{2BED4CF8-CD21-4B92-BBF3-647D0804C4A1}.Release|Any CPU.ActiveCfg = Release|Any CPU
		{2BED4CF8-CD21-4B92-BBF3-647D0804C4A1}.Release|Any CPU.Build.0 = Release|Any CPU
	EndGlobalSection
	GlobalSection(SolutionProperties) = preSolution
		HideSolutionNode = FALSE
	EndGlobalSection
	GlobalSection(ExtensibilityGlobals) = postSolution
		SolutionGuid = {12A74F75-C5E0-4DE1-BDD1-5B9414B736EC}
	EndGlobalSection
EndGlobal
